
Microsoft Visual Studio Solution File, Format Version 12.00
# Visual Studio Version 17
VisualStudioVersion = 17.9.34714.143
MinimumVisualStudioVersion = 10.0.40219.1
Project("{FAE04EC0-301F-11D3-BF4B-00C04F79EFBC}") = "Mani", "Mani\Mani.csproj", "{901FCF1C-9D88-4500-902F-AD8ED7C15472}"
EndProject
Global
	GlobalSection(SolutionConfigurationPlatforms) = preSolution
		Debug|Any CPU = Debug|Any CPU
		Release|Any CPU = Release|Any CPU
	EndGlobalSection
	GlobalSection(ProjectConfigurationPlatforms) = postSolution
		{901FCF1C-9D88-4500-902F-AD8ED7C15472}.Debug|Any CPU.ActiveCfg = Debug|Any CPU
		{901FCF1C-9D88-4500-902F-AD8ED7C15472}.Debug|Any CPU.Build.0 = Debug|Any CPU
		{901FCF1C-9D88-4500-902F-AD8ED7C15472}.Release|Any CPU.ActiveCfg = Release|Any CPU
		{901FCF1C-9D88-4500-902F-AD8ED7C15472}.Release|Any CPU.Build.0 = Release|Any CPU
	EndGlobalSection
	GlobalSection(SolutionProperties) = preSolution
		HideSolutionNode = FALSE
	EndGlobalSection
	GlobalSection(ExtensibilityGlobals) = postSolution
		SolutionGuid = {3D37E07E-455D-4313-B0BE-29DA94012241}
	EndGlobalSection
EndGlobal
